
Microsoft Visual Studio Solution File, Format Version 12.00
# Visual Studio Version 17
VisualStudioVersion = 17.7.34031.279
MinimumVisualStudioVersion = 10.0.40219.1
Project("{9A19103F-16F7-4668-BE54-9A1E7A4F7556}") = "addb2csecond", "addb2csecond.csproj", "{08E1E512-DB0A-4E17-8BFE-75040154DAF5}"
EndProject
Global
	GlobalSection(SolutionConfigurationPlatforms) = preSolution
		Debug|Any CPU = Debug|Any CPU
		Release|Any CPU = Release|Any CPU
	EndGlobalSection
	GlobalSection(ProjectConfigurationPlatforms) = postSolution
		{08E1E512-DB0A-4E17-8BFE-75040154DAF5}.Debug|Any CPU.ActiveCfg = Debug|Any CPU
		{08E1E512-DB0A-4E17-8BFE-75040154DAF5}.Debug|Any CPU.Build.0 = Debug|Any CPU
		{08E1E512-DB0A-4E17-8BFE-75040154DAF5}.Release|Any CPU.ActiveCfg = Release|Any CPU
		{08E1E512-DB0A-4E17-8BFE-75040154DAF5}.Release|Any CPU.Build.0 = Release|Any CPU
	EndGlobalSection
	GlobalSection(SolutionProperties) = preSolution
		HideSolutionNode = FALSE
	EndGlobalSection
	GlobalSection(ExtensibilityGlobals) = postSolution
		SolutionGuid = {F675EE9A-9E1E-4DCF-956B-AFC806DE95B9}
	EndGlobalSection
EndGlobal
